
Microsoft Visual Studio Solution File, Format Version 12.00
# Visual Studio 15
VisualStudioVersion = 15.0.28307.1000
MinimumVisualStudioVersion = 10.0.40219.1
Project("{FAE04EC0-301F-11D3-BF4B-00C04F79EFBC}") = "FinalProject.UI.MVC", "src\FinalProject.UI.MVC\FinalProject.UI.MVC.csproj", "{E3DE7ECE-C4AC-4993-8AC3-0ABA59F99922}"
EndProject
Project("{FAE04EC0-301F-11D3-BF4B-00C04F79EFBC}") = "FinalProject.DATA.EF", "src\FinalProject.DATA.EF\FinalProject.DATA.EF.csproj", "{F5A69C38-4AAF-45BE-8C83-A1762A15141F}"
EndProject
Global
	GlobalSection(SolutionConfigurationPlatforms) = preSolution
		Debug|Any CPU = Debug|Any CPU
		Release|Any CPU = Release|Any CPU
	EndGlobalSection
	GlobalSection(ProjectConfigurationPlatforms) = postSolution
		{E3DE7ECE-C4AC-4993-8AC3-0ABA59F99922}.Debug|Any CPU.ActiveCfg = Debug|Any CPU
		{E3DE7ECE-C4AC-4993-8AC3-0ABA59F99922}.Debug|Any CPU.Build.0 = Debug|Any CPU
		{E3DE7ECE-C4AC-4993-8AC3-0ABA59F99922}.Release|Any CPU.ActiveCfg = Release|Any CPU
		{E3DE7ECE-C4AC-4993-8AC3-0ABA59F99922}.Release|Any CPU.Build.0 = Release|Any CPU
		{F5A69C38-4AAF-45BE-8C83-A1762A15141F}.Debug|Any CPU.ActiveCfg = Debug|Any CPU
		{F5A69C38-4AAF-45BE-8C83-A1762A15141F}.Debug|Any CPU.Build.0 = Debug|Any CPU
		{F5A69C38-4AAF-45BE-8C83-A1762A15141F}.Release|Any CPU.ActiveCfg = Release|Any CPU
		{F5A69C38-4AAF-45BE-8C83-A1762A15141F}.Release|Any CPU.Build.0 = Release|Any CPU
	EndGlobalSection
	GlobalSection(SolutionProperties) = preSolution
		HideSolutionNode = FALSE
	EndGlobalSection
	GlobalSection(ExtensibilityGlobals) = postSolution
		SolutionGuid = {9C1EC463-E6FB-4801-89BD-26C5868FAF9B}
	EndGlobalSection
EndGlobal
